
Microsoft Visual Studio Solution File, Format Version 12.00
# Visual Studio 14
VisualStudioVersion = 14.0.23107.0
MinimumVisualStudioVersion = 10.0.40219.1
Project("{FAE04EC0-301F-11D3-BF4B-00C04F79EFBC}") = "IPRS_Member", "IPRS_Member\IPRS_Member.csproj", "{DAD1F508-B823-4D37-A4EA-9A07FF0784C4}"
EndProject
Global
	GlobalSection(SolutionConfigurationPlatforms) = preSolution
		Debug|Any CPU = Debug|Any CPU
		Release|Any CPU = Release|Any CPU
	EndGlobalSection
	GlobalSection(ProjectConfigurationPlatforms) = postSolution
		{DAD1F508-B823-4D37-A4EA-9A07FF0784C4}.Debug|Any CPU.ActiveCfg = Debug|Any CPU
		{DAD1F508-B823-4D37-A4EA-9A07FF0784C4}.Debug|Any CPU.Build.0 = Debug|Any CPU
		{DAD1F508-B823-4D37-A4EA-9A07FF0784C4}.Release|Any CPU.ActiveCfg = Release|Any CPU
		{DAD1F508-B823-4D37-A4EA-9A07FF0784C4}.Release|Any CPU.Build.0 = Release|Any CPU
	EndGlobalSection
	GlobalSection(SolutionProperties) = preSolution
		HideSolutionNode = FALSE
	EndGlobalSection
	GlobalSection(ExtensibilityGlobals) = postSolution
		VisualSVNWorkingCopyRoot = .
	EndGlobalSection
EndGlobal
